
Microsoft Visual Studio Solution File, Format Version 12.00
# Visual Studio Version 16
VisualStudioVersion = 16.0.29409.12
MinimumVisualStudioVersion = 10.0.40219.1
Project("{9A19103F-16F7-4668-BE54-9A1E7A4F7556}") = "Above Premier", "Above Premier.csproj", "{4D36DEDD-8894-42FA-BE66-60C22EDA4E2A}"
EndProject
Global
	GlobalSection(SolutionConfigurationPlatforms) = preSolution
		Debug|Any CPU = Debug|Any CPU
		Release|Any CPU = Release|Any CPU
	EndGlobalSection
	GlobalSection(ProjectConfigurationPlatforms) = postSolution
		{4D36DEDD-8894-42FA-BE66-60C22EDA4E2A}.Debug|Any CPU.ActiveCfg = Debug|Any CPU
		{4D36DEDD-8894-42FA-BE66-60C22EDA4E2A}.Debug|Any CPU.Build.0 = Debug|Any CPU
		{4D36DEDD-8894-42FA-BE66-60C22EDA4E2A}.Release|Any CPU.ActiveCfg = Release|Any CPU
		{4D36DEDD-8894-42FA-BE66-60C22EDA4E2A}.Release|Any CPU.Build.0 = Release|Any CPU
	EndGlobalSection
	GlobalSection(SolutionProperties) = preSolution
		HideSolutionNode = FALSE
	EndGlobalSection
	GlobalSection(ExtensibilityGlobals) = postSolution
		SolutionGuid = {C95C12AA-AA5E-459D-9D13-979F91309C02}
	EndGlobalSection
EndGlobal
